
Microsoft Visual Studio Solution File, Format Version 12.00
# Visual Studio Version 17
VisualStudioVersion = 17.14.36915.13 d17.14
MinimumVisualStudioVersion = 10.0.40219.1
Project("{FAE04EC0-301F-11D3-BF4B-00C04F79EFBC}") = "Inboxly", "Inboxly\Inboxly.csproj", "{0621DB4E-77F8-44E9-9B33-6CD83012E3BB}"
EndProject
Global
	GlobalSection(SolutionConfigurationPlatforms) = preSolution
		Debug|Any CPU = Debug|Any CPU
		Release|Any CPU = Release|Any CPU
	EndGlobalSection
	GlobalSection(ProjectConfigurationPlatforms) = postSolution
		{0621DB4E-77F8-44E9-9B33-6CD83012E3BB}.Debug|Any CPU.ActiveCfg = Debug|Any CPU
		{0621DB4E-77F8-44E9-9B33-6CD83012E3BB}.Debug|Any CPU.Build.0 = Debug|Any CPU
		{0621DB4E-77F8-44E9-9B33-6CD83012E3BB}.Release|Any CPU.ActiveCfg = Release|Any CPU
		{0621DB4E-77F8-44E9-9B33-6CD83012E3BB}.Release|Any CPU.Build.0 = Release|Any CPU
	EndGlobalSection
	GlobalSection(SolutionProperties) = preSolution
		HideSolutionNode = FALSE
	EndGlobalSection
	GlobalSection(ExtensibilityGlobals) = postSolution
		SolutionGuid = {816C2D44-0467-49D2-8B0B-C7CFB2E19707}
	EndGlobalSection
EndGlobal
